
Microsoft Visual Studio Solution File, Format Version 12.00
# Visual Studio 15
VisualStudioVersion = 15.0.28010.2003
MinimumVisualStudioVersion = 10.0.40219.1
Project("{2150E333-8FDC-42A3-9474-1A3956D46DE8}") = "src", "src", "{5099D061-EC7B-4E3F-BD6D-B1019A61C1FD}"
EndProject
Project("{2150E333-8FDC-42A3-9474-1A3956D46DE8}") = "Microservices", "Microservices", "{6CAAC267-9F26-493F-83F5-7FB3F762BEA2}"
EndProject
Project("{9A19103F-16F7-4668-BE54-9A1E7A4F7556}") = "Services.Common", "src\Microservices\Services.Common\Services.Common.csproj", "{2CCE6D9E-F9F3-43EA-A64F-5516780B1172}"
EndProject
Project("{2150E333-8FDC-42A3-9474-1A3956D46DE8}") = "Clients", "Clients", "{81DD5314-0F93-467E-852B-048387D8A6D4}"
EndProject
Project("{2150E333-8FDC-42A3-9474-1A3956D46DE8}") = "Clients.Command.Service", "Clients.Command.Service", "{A0D92C9D-892A-4DFE-A156-AC78D84DDEA7}"
EndProject
Project("{2150E333-8FDC-42A3-9474-1A3956D46DE8}") = "Clients.Read.Service", "Clients.Read.Service", "{07F00B55-0968-4593-A868-848B95BFC9A3}"
EndProject
Project("{FAE04EC0-301F-11D3-BF4B-00C04F79EFBC}") = "Clients.Command.Service.Domain", "src\Microservices\Clients\Clients.Command.Service\Clients.Command.Service.Domain\Clients.Command.Service.Domain.csproj", "{D3464FA8-0E31-4393-891A-D41BAE93C3B5}"
EndProject
Project("{FAE04EC0-301F-11D3-BF4B-00C04F79EFBC}") = "Clients.Command.Service.API", "src\Microservices\Clients\Clients.Command.Service\Clients.Command.Service.API\Clients.Command.Service.API.csproj", "{C2E44F11-30AE-4366-A6C5-AE0E3AB2B955}"
EndProject
Project("{FAE04EC0-301F-11D3-BF4B-00C04F79EFBC}") = "Clients.Command.Service.Infrastructure", "src\Microservices\Clients\Clients.Command.Service\Clients.Command.Service.Infrastructure\Clients.Command.Service.Infrastructure.csproj", "{AB97FDD7-A3C6-4E40-9425-4D395570C1F9}"
EndProject
Project("{FAE04EC0-301F-11D3-BF4B-00C04F79EFBC}") = "Clients.Common", "src\Microservices\Clients\Clients.Common\Clients.Common.csproj", "{020ADD3A-2B08-4A00-B693-405FE919C9D0}"
EndProject
Global
	GlobalSection(SolutionConfigurationPlatforms) = preSolution
		Debug|Any CPU = Debug|Any CPU
		Release|Any CPU = Release|Any CPU
	EndGlobalSection
	GlobalSection(ProjectConfigurationPlatforms) = postSolution
		{2CCE6D9E-F9F3-43EA-A64F-5516780B1172}.Debug|Any CPU.ActiveCfg = Debug|Any CPU
		{2CCE6D9E-F9F3-43EA-A64F-5516780B1172}.Debug|Any CPU.Build.0 = Debug|Any CPU
		{2CCE6D9E-F9F3-43EA-A64F-5516780B1172}.Release|Any CPU.ActiveCfg = Release|Any CPU
		{2CCE6D9E-F9F3-43EA-A64F-5516780B1172}.Release|Any CPU.Build.0 = Release|Any CPU
		{D3464FA8-0E31-4393-891A-D41BAE93C3B5}.Debug|Any CPU.ActiveCfg = Debug|Any CPU
		{D3464FA8-0E31-4393-891A-D41BAE93C3B5}.Debug|Any CPU.Build.0 = Debug|Any CPU
		{D3464FA8-0E31-4393-891A-D41BAE93C3B5}.Release|Any CPU.ActiveCfg = Release|Any CPU
		{D3464FA8-0E31-4393-891A-D41BAE93C3B5}.Release|Any CPU.Build.0 = Release|Any CPU
		{C2E44F11-30AE-4366-A6C5-AE0E3AB2B955}.Debug|Any CPU.ActiveCfg = Debug|Any CPU
		{C2E44F11-30AE-4366-A6C5-AE0E3AB2B955}.Debug|Any CPU.Build.0 = Debug|Any CPU
		{C2E44F11-30AE-4366-A6C5-AE0E3AB2B955}.Release|Any CPU.ActiveCfg = Release|Any CPU
		{C2E44F11-30AE-4366-A6C5-AE0E3AB2B955}.Release|Any CPU.Build.0 = Release|Any CPU
		{AB97FDD7-A3C6-4E40-9425-4D395570C1F9}.Debug|Any CPU.ActiveCfg = Debug|Any CPU
		{AB97FDD7-A3C6-4E40-9425-4D395570C1F9}.Debug|Any CPU.Build.0 = Debug|Any CPU
		{AB97FDD7-A3C6-4E40-9425-4D395570C1F9}.Release|Any CPU.ActiveCfg = Release|Any CPU
		{AB97FDD7-A3C6-4E40-9425-4D395570C1F9}.Release|Any CPU.Build.0 = Release|Any CPU
		{020ADD3A-2B08-4A00-B693-405FE919C9D0}.Debug|Any CPU.ActiveCfg = Debug|Any CPU
		{020ADD3A-2B08-4A00-B693-405FE919C9D0}.Debug|Any CPU.Build.0 = Debug|Any CPU
		{020ADD3A-2B08-4A00-B693-405FE919C9D0}.Release|Any CPU.ActiveCfg = Release|Any CPU
		{020ADD3A-2B08-4A00-B693-405FE919C9D0}.Release|Any CPU.Build.0 = Release|Any CPU
	EndGlobalSection
	GlobalSection(SolutionProperties) = preSolution
		HideSolutionNode = FALSE
	EndGlobalSection
	GlobalSection(NestedProjects) = preSolution
		{6CAAC267-9F26-493F-83F5-7FB3F762BEA2} = {5099D061-EC7B-4E3F-BD6D-B1019A61C1FD}
		{2CCE6D9E-F9F3-43EA-A64F-5516780B1172} = {6CAAC267-9F26-493F-83F5-7FB3F762BEA2}
		{81DD5314-0F93-467E-852B-048387D8A6D4} = {6CAAC267-9F26-493F-83F5-7FB3F762BEA2}
		{A0D92C9D-892A-4DFE-A156-AC78D84DDEA7} = {81DD5314-0F93-467E-852B-048387D8A6D4}
		{07F00B55-0968-4593-A868-848B95BFC9A3} = {81DD5314-0F93-467E-852B-048387D8A6D4}
		{D3464FA8-0E31-4393-891A-D41BAE93C3B5} = {A0D92C9D-892A-4DFE-A156-AC78D84DDEA7}
		{C2E44F11-30AE-4366-A6C5-AE0E3AB2B955} = {A0D92C9D-892A-4DFE-A156-AC78D84DDEA7}
		{AB97FDD7-A3C6-4E40-9425-4D395570C1F9} = {A0D92C9D-892A-4DFE-A156-AC78D84DDEA7}
		{020ADD3A-2B08-4A00-B693-405FE919C9D0} = {81DD5314-0F93-467E-852B-048387D8A6D4}
	EndGlobalSection
	GlobalSection(ExtensibilityGlobals) = postSolution
		SolutionGuid = {4CD96897-A491-4F75-83C2-F81586C9DC5D}
	EndGlobalSection
EndGlobal
