
Microsoft Visual Studio Solution File, Format Version 12.00
# Visual Studio 15
VisualStudioVersion = 15.0.28010.2003
MinimumVisualStudioVersion = 10.0.40219.1
Project("{FAE04EC0-301F-11D3-BF4B-00C04F79EFBC}") = "AhaSoft", "AhaSoft\AhaSoft.csproj", "{E8DD3055-5B20-48DA-B5E5-84996EEBE693}"
EndProject
Global
	GlobalSection(SolutionConfigurationPlatforms) = preSolution
		Debug|Any CPU = Debug|Any CPU
		Release|Any CPU = Release|Any CPU
	EndGlobalSection
	GlobalSection(ProjectConfigurationPlatforms) = postSolution
		{E8DD3055-5B20-48DA-B5E5-84996EEBE693}.Debug|Any CPU.ActiveCfg = Debug|Any CPU
		{E8DD3055-5B20-48DA-B5E5-84996EEBE693}.Debug|Any CPU.Build.0 = Debug|Any CPU
		{E8DD3055-5B20-48DA-B5E5-84996EEBE693}.Release|Any CPU.ActiveCfg = Release|Any CPU
		{E8DD3055-5B20-48DA-B5E5-84996EEBE693}.Release|Any CPU.Build.0 = Release|Any CPU
	EndGlobalSection
	GlobalSection(SolutionProperties) = preSolution
		HideSolutionNode = FALSE
	EndGlobalSection
	GlobalSection(ExtensibilityGlobals) = postSolution
		SolutionGuid = {4CD96897-A491-4F75-83C2-F81586C9DC5D}
	EndGlobalSection
EndGlobal
